// !$*UTF8*$!
{ "archiveVersion" = "1"; "classes" = {  }; "objectVersion" = "56"; "objects" = { "99D71BBB4DC25875BEB4C624" = { "isa" = "PBXFileReference"; "explicitFileType" = "wrapper.application"; "path" = "Wrist Checklist Watch.app"; "sourceTree" = "BUILT_PRODUCTS_DIR"; }; "DF1187DEB835FF9A6794B9DD" = { "isa" = "PBXFileReference"; "lastKnownFileType" = "sourcecode.swift"; "path" = "Sources/Core/ChecklistStore.swift"; "sourceTree" = "<group>"; }; "669245004A03436D32132222" = { "isa" = "PBXBuildFile"; "fileRef" = "DF1187DEB835FF9A6794B9DD"; }; "1B1268AAB7B7A927B16723E4" = { "isa" = "PBXFileReference"; "lastKnownFileType" = "sourcecode.swift"; "path" = "Sources/Shared/ChecklistLocation.swift"; "sourceTree" = "<group>"; }; "FAC109F38A1EA48D994377D0" = { "isa" = "PBXBuildFile"; "fileRef" = "1B1268AAB7B7A927B16723E4"; }; "AA255DD3E90B146F24ACDE16" = { "isa" = "PBXFileReference"; "lastKnownFileType" = "sourcecode.swift"; "path" = "Sources/App/ChecklistApp.swift"; "sourceTree" = "<group>"; }; "20C1FCCCB460C32E232C96BF" = { "isa" = "PBXBuildFile"; "fileRef" = "AA255DD3E90B146F24ACDE16"; }; "0BB2FC79801B2192031EC1CF" = { "isa" = "PBXFileReference"; "lastKnownFileType" = "sourcecode.swift"; "path" = "Sources/App/ChecklistModel.swift"; "sourceTree" = "<group>"; }; "85DD7CDA196DB86B11715396" = { "isa" = "PBXBuildFile"; "fileRef" = "0BB2FC79801B2192031EC1CF"; }; "534D5D7DDE12929CB403C458" = { "isa" = "PBXSourcesBuildPhase"; "buildActionMask" = "2147483647"; "files" = ("669245004A03436D32132222", "FAC109F38A1EA48D994377D0", "20C1FCCCB460C32E232C96BF", "85DD7CDA196DB86B11715396"); "runOnlyForDeploymentPostprocessing" = "0"; }; "92E2D382C371DF44B61EFDB6" = { "isa" = "PBXFileReference"; "lastKnownFileType" = "folder.assetcatalog"; "path" = "Resources/Watch.xcassets"; "sourceTree" = "<group>"; }; "0D2595D7AB009A35E6F9E7FA" = { "isa" = "PBXBuildFile"; "fileRef" = "92E2D382C371DF44B61EFDB6"; }; "181C36CA8CABCB105849D7D4" = { "isa" = "PBXFileReference"; "lastKnownFileType" = "text.xml"; "path" = "Resources/PrivacyInfo.xcprivacy"; "sourceTree" = "<group>"; }; "073A0836DC2DE83FE762B765" = { "isa" = "PBXBuildFile"; "fileRef" = "181C36CA8CABCB105849D7D4"; }; "AAA98CDF98DA2B60B2F25126" = { "isa" = "PBXResourcesBuildPhase"; "buildActionMask" = "2147483647"; "files" = ("0D2595D7AB009A35E6F9E7FA", "073A0836DC2DE83FE762B765"); "runOnlyForDeploymentPostprocessing" = "0"; }; "54E3564A4C9AB6A470D1B233" = { "isa" = "PBXFrameworksBuildPhase"; "buildActionMask" = "2147483647"; "files" = (); "runOnlyForDeploymentPostprocessing" = "0"; }; "0C29894381347005FB13E211" = { "isa" = "XCBuildConfiguration"; "buildSettings" = { "PRODUCT_NAME" = "Wrist Checklist Watch"; "PRODUCT_BUNDLE_IDENTIFIER" = "com.dd.wristchecklist.watchkitapp"; "CURRENT_PROJECT_VERSION" = "1"; "MARKETING_VERSION" = "1.0"; "GENERATE_INFOPLIST_FILE" = "YES"; "INFOPLIST_FILE" = "Resources/AppInfo.plist"; "INFOPLIST_KEY_CFBundleDisplayName" = "Wrist Checklist"; "SDKROOT" = "watchos"; "SUPPORTED_PLATFORMS" = "watchos watchsimulator"; "TARGETED_DEVICE_FAMILY" = "4"; "CODE_SIGN_STYLE" = "Automatic"; "CODE_SIGN_ENTITLEMENTS" = "Resources/App.entitlements"; "ASSETCATALOG_COMPILER_APPICON_NAME" = "AppIcon"; "LD_RUNPATH_SEARCH_PATHS" = "$(inherited) @executable_path/Frameworks"; "WATCHOS_DEPLOYMENT_TARGET" = "27.0"; "SKIP_INSTALL" = "YES"; "INFOPLIST_KEY_WKApplication" = "YES"; "INFOPLIST_KEY_WKCompanionAppBundleIdentifier" = "com.dd.wristchecklist"; "INFOPLIST_KEY_WKRunsIndependentlyOfCompanionApp" = "YES"; }; "name" = "Debug"; }; "07073129E97946C6B9B83C35" = { "isa" = "XCBuildConfiguration"; "buildSettings" = { "PRODUCT_NAME" = "Wrist Checklist Watch"; "PRODUCT_BUNDLE_IDENTIFIER" = "com.dd.wristchecklist.watchkitapp"; "CURRENT_PROJECT_VERSION" = "1"; "MARKETING_VERSION" = "1.0"; "GENERATE_INFOPLIST_FILE" = "YES"; "INFOPLIST_FILE" = "Resources/AppInfo.plist"; "INFOPLIST_KEY_CFBundleDisplayName" = "Wrist Checklist"; "SDKROOT" = "watchos"; "SUPPORTED_PLATFORMS" = "watchos watchsimulator"; "TARGETED_DEVICE_FAMILY" = "4"; "CODE_SIGN_STYLE" = "Automatic"; "CODE_SIGN_ENTITLEMENTS" = "Resources/App.entitlements"; "ASSETCATALOG_COMPILER_APPICON_NAME" = "AppIcon"; "LD_RUNPATH_SEARCH_PATHS" = "$(inherited) @executable_path/Frameworks"; "WATCHOS_DEPLOYMENT_TARGET" = "27.0"; "SKIP_INSTALL" = "YES"; "INFOPLIST_KEY_WKApplication" = "YES"; "INFOPLIST_KEY_WKCompanionAppBundleIdentifier" = "com.dd.wristchecklist"; "INFOPLIST_KEY_WKRunsIndependentlyOfCompanionApp" = "YES"; }; "name" = "Release"; }; "38A50667F7D41AE842ABE548" = { "isa" = "XCConfigurationList"; "buildConfigurations" = ("0C29894381347005FB13E211", "07073129E97946C6B9B83C35"); "defaultConfigurationIsVisible" = "0"; "defaultConfigurationName" = "Release"; }; "7EE489ED9BBE45A5497EA38C" = { "isa" = "PBXNativeTarget"; "buildConfigurationList" = "38A50667F7D41AE842ABE548"; "buildPhases" = ("534D5D7DDE12929CB403C458", "54E3564A4C9AB6A470D1B233", "AAA98CDF98DA2B60B2F25126", "125D1DB76C9DB381A5FF149F"); "buildRules" = (); "dependencies" = ("16883B4D41B223F124B63CE6"); "name" = "Wrist Checklist Watch"; "productName" = "Wrist Checklist Watch"; "productReference" = "99D71BBB4DC25875BEB4C624"; "productType" = "com.apple.product-type.application"; }; "4CFAE327CB9EA79907C858A8" = { "isa" = "PBXFileReference"; "explicitFileType" = "wrapper.application"; "path" = "Wrist Checklist.app"; "sourceTree" = "BUILT_PRODUCTS_DIR"; }; "243AAC8781E7EC507FA064F9" = { "isa" = "PBXBuildFile"; "fileRef" = "DF1187DEB835FF9A6794B9DD"; }; "97238369232BF27FFD86D6C2" = { "isa" = "PBXBuildFile"; "fileRef" = "1B1268AAB7B7A927B16723E4"; }; "2BCDD14E0D599D1BA8086FE3" = { "isa" = "PBXBuildFile"; "fileRef" = "AA255DD3E90B146F24ACDE16"; }; "6859F5BF5D7ADA4F88758E7F" = { "isa" = "PBXBuildFile"; "fileRef" = "0BB2FC79801B2192031EC1CF"; }; "8DF04F93AEC3CB5971B830E9" = { "isa" = "PBXSourcesBuildPhase"; "buildActionMask" = "2147483647"; "files" = ("243AAC8781E7EC507FA064F9", "97238369232BF27FFD86D6C2", "2BCDD14E0D599D1BA8086FE3", "6859F5BF5D7ADA4F88758E7F"); "runOnlyForDeploymentPostprocessing" = "0"; }; "917E867613F6CD3944B2FB88" = { "isa" = "PBXFileReference"; "lastKnownFileType" = "folder.assetcatalog"; "path" = "Resources/Phone.xcassets"; "sourceTree" = "<group>"; }; "2FC48A8BB12751F528EBEFCC" = { "isa" = "PBXBuildFile"; "fileRef" = "917E867613F6CD3944B2FB88"; }; "CFC3FBE0AAAAD6404C957AD3" = { "isa" = "PBXBuildFile"; "fileRef" = "181C36CA8CABCB105849D7D4"; }; "99030408929732135F9C3597" = { "isa" = "PBXResourcesBuildPhase"; "buildActionMask" = "2147483647"; "files" = ("2FC48A8BB12751F528EBEFCC", "CFC3FBE0AAAAD6404C957AD3"); "runOnlyForDeploymentPostprocessing" = "0"; }; "B900D620A4CEDAED41FA39CA" = { "isa" = "PBXFrameworksBuildPhase"; "buildActionMask" = "2147483647"; "files" = (); "runOnlyForDeploymentPostprocessing" = "0"; }; "670D34D486D4143501C70D55" = { "isa" = "PBXContainerItemProxy"; "containerPortal" = "98F54143AB4E86B28C3AFEE0"; "proxyType" = "1"; "remoteGlobalIDString" = "7EE489ED9BBE45A5497EA38C"; "remoteInfo" = "Wrist Checklist Watch"; }; "951D6738C015F691F40A72B0" = { "isa" = "PBXTargetDependency"; "target" = "7EE489ED9BBE45A5497EA38C"; "targetProxy" = "670D34D486D4143501C70D55"; }; "89D3D933EBDB483B501B84A6" = { "isa" = "PBXBuildFile"; "fileRef" = "99D71BBB4DC25875BEB4C624"; "settings" = { "ATTRIBUTES" = ("RemoveHeadersOnCopy"); }; }; "1535F4FC5E77E060A33841EF" = { "isa" = "PBXCopyFilesBuildPhase"; "buildActionMask" = "2147483647"; "dstPath" = "$(CONTENTS_FOLDER_PATH)/Watch"; "dstSubfolderSpec" = "16"; "files" = ("89D3D933EBDB483B501B84A6"); "name" = "Embed Watch Content"; "runOnlyForDeploymentPostprocessing" = "0"; }; "42EEF33CED1AF264B5A57C91" = { "isa" = "XCBuildConfiguration"; "buildSettings" = { "PRODUCT_NAME" = "Wrist Checklist"; "PRODUCT_BUNDLE_IDENTIFIER" = "com.dd.wristchecklist"; "CURRENT_PROJECT_VERSION" = "1"; "MARKETING_VERSION" = "1.0"; "GENERATE_INFOPLIST_FILE" = "YES"; "INFOPLIST_FILE" = "Resources/AppInfo.plist"; "INFOPLIST_KEY_CFBundleDisplayName" = "Wrist Checklist"; "SDKROOT" = "iphoneos"; "SUPPORTED_PLATFORMS" = "iphoneos iphonesimulator"; "TARGETED_DEVICE_FAMILY" = "1"; "CODE_SIGN_STYLE" = "Automatic"; "CODE_SIGN_ENTITLEMENTS" = "Resources/App.entitlements"; "ASSETCATALOG_COMPILER_APPICON_NAME" = "AppIcon"; "LD_RUNPATH_SEARCH_PATHS" = "$(inherited) @executable_path/Frameworks"; "IPHONEOS_DEPLOYMENT_TARGET" = "27.0"; "INFOPLIST_KEY_UILaunchScreen_Generation" = "YES"; "INFOPLIST_KEY_UIApplicationSceneManifest_Generation" = "YES"; "INFOPLIST_KEY_UISupportedInterfaceOrientations" = "UIInterfaceOrientationPortrait UIInterfaceOrientationLandscapeLeft UIInterfaceOrientationLandscapeRight"; }; "name" = "Debug"; }; "D8AFEAC65435EE8D0ADF3658" = { "isa" = "XCBuildConfiguration"; "buildSettings" = { "PRODUCT_NAME" = "Wrist Checklist"; "PRODUCT_BUNDLE_IDENTIFIER" = "com.dd.wristchecklist"; "CURRENT_PROJECT_VERSION" = "1"; "MARKETING_VERSION" = "1.0"; "GENERATE_INFOPLIST_FILE" = "YES"; "INFOPLIST_FILE" = "Resources/AppInfo.plist"; "INFOPLIST_KEY_CFBundleDisplayName" = "Wrist Checklist"; "SDKROOT" = "iphoneos"; "SUPPORTED_PLATFORMS" = "iphoneos iphonesimulator"; "TARGETED_DEVICE_FAMILY" = "1"; "CODE_SIGN_STYLE" = "Automatic"; "CODE_SIGN_ENTITLEMENTS" = "Resources/App.entitlements"; "ASSETCATALOG_COMPILER_APPICON_NAME" = "AppIcon"; "LD_RUNPATH_SEARCH_PATHS" = "$(inherited) @executable_path/Frameworks"; "IPHONEOS_DEPLOYMENT_TARGET" = "27.0"; "INFOPLIST_KEY_UILaunchScreen_Generation" = "YES"; "INFOPLIST_KEY_UIApplicationSceneManifest_Generation" = "YES"; "INFOPLIST_KEY_UISupportedInterfaceOrientations" = "UIInterfaceOrientationPortrait UIInterfaceOrientationLandscapeLeft UIInterfaceOrientationLandscapeRight"; }; "name" = "Release"; }; "1D819A81103C1BEA1466F902" = { "isa" = "XCConfigurationList"; "buildConfigurations" = ("42EEF33CED1AF264B5A57C91", "D8AFEAC65435EE8D0ADF3658"); "defaultConfigurationIsVisible" = "0"; "defaultConfigurationName" = "Release"; }; "4DFEA1852CD8A8AF5A48BC98" = { "isa" = "PBXNativeTarget"; "buildConfigurationList" = "1D819A81103C1BEA1466F902"; "buildPhases" = ("8DF04F93AEC3CB5971B830E9", "B900D620A4CEDAED41FA39CA", "99030408929732135F9C3597", "1535F4FC5E77E060A33841EF"); "buildRules" = (); "dependencies" = ("951D6738C015F691F40A72B0"); "name" = "Wrist Checklist"; "productName" = "Wrist Checklist"; "productReference" = "4CFAE327CB9EA79907C858A8"; "productType" = "com.apple.product-type.application"; }; "8C0563705B4D8B6E82E128E1" = { "isa" = "PBXBuildFile"; "fileRef" = "1B1268AAB7B7A927B16723E4"; }; "9DBD9B5C3C44E75E9CF08FF2" = { "isa" = "PBXFileReference"; "lastKnownFileType" = "sourcecode.swift"; "path" = "Sources/Widget/ChecklistWidget.swift"; "sourceTree" = "<group>"; }; "E7C770028D6C1ED35C5DDD51" = { "isa" = "PBXBuildFile"; "fileRef" = "9DBD9B5C3C44E75E9CF08FF2"; }; "A98A4F4CD610020FCB836DB5" = { "isa" = "PBXFileReference"; "explicitFileType" = "wrapper.app-extension"; "path" = "Checklist Complication.appex"; "sourceTree" = "BUILT_PRODUCTS_DIR"; }; "060080747C1B81785426A235" = { "isa" = "PBXSourcesBuildPhase"; "buildActionMask" = "2147483647"; "files" = ("8C0563705B4D8B6E82E128E1", "E7C770028D6C1ED35C5DDD51"); "runOnlyForDeploymentPostprocessing" = "0"; }; "212D0DD501428785A95C3761" = { "isa" = "PBXFrameworksBuildPhase"; "buildActionMask" = "2147483647"; "files" = (); "runOnlyForDeploymentPostprocessing" = "0"; }; "8B94F2BFDDB442941AEDC21B" = { "isa" = "XCBuildConfiguration"; "buildSettings" = { "PRODUCT_NAME" = "Checklist Complication"; "PRODUCT_BUNDLE_IDENTIFIER" = "com.dd.wristchecklist.watchkitapp.complication"; "INFOPLIST_FILE" = "Resources/WidgetInfo.plist"; "SDKROOT" = "watchos"; "SUPPORTED_PLATFORMS" = "watchos watchsimulator"; "WATCHOS_DEPLOYMENT_TARGET" = "27.0"; "TARGETED_DEVICE_FAMILY" = "4"; "APPLICATION_EXTENSION_API_ONLY" = "YES"; "SKIP_INSTALL" = "YES"; "CODE_SIGN_STYLE" = "Automatic"; "CODE_SIGN_ENTITLEMENTS" = "Resources/App.entitlements"; "LD_RUNPATH_SEARCH_PATHS" = "$(inherited) @executable_path/Frameworks @executable_path/../../Frameworks"; }; "name" = "Debug"; }; "C028146E8C0FAF6D4D1EE3DC" = { "isa" = "XCBuildConfiguration"; "buildSettings" = { "PRODUCT_NAME" = "Checklist Complication"; "PRODUCT_BUNDLE_IDENTIFIER" = "com.dd.wristchecklist.watchkitapp.complication"; "INFOPLIST_FILE" = "Resources/WidgetInfo.plist"; "SDKROOT" = "watchos"; "SUPPORTED_PLATFORMS" = "watchos watchsimulator"; "WATCHOS_DEPLOYMENT_TARGET" = "27.0"; "TARGETED_DEVICE_FAMILY" = "4"; "APPLICATION_EXTENSION_API_ONLY" = "YES"; "SKIP_INSTALL" = "YES"; "CODE_SIGN_STYLE" = "Automatic"; "CODE_SIGN_ENTITLEMENTS" = "Resources/App.entitlements"; "LD_RUNPATH_SEARCH_PATHS" = "$(inherited) @executable_path/Frameworks @executable_path/../../Frameworks"; }; "name" = "Release"; }; "B893B25821EA675F0BFD5A7A" = { "isa" = "XCConfigurationList"; "buildConfigurations" = ("8B94F2BFDDB442941AEDC21B", "C028146E8C0FAF6D4D1EE3DC"); "defaultConfigurationIsVisible" = "0"; "defaultConfigurationName" = "Release"; }; "0801A15776DF07F494D9053F" = { "isa" = "PBXNativeTarget"; "buildConfigurationList" = "B893B25821EA675F0BFD5A7A"; "buildPhases" = ("060080747C1B81785426A235", "212D0DD501428785A95C3761"); "buildRules" = (); "dependencies" = (); "name" = "Checklist Complication"; "productName" = "Checklist Complication"; "productReference" = "A98A4F4CD610020FCB836DB5"; "productType" = "com.apple.product-type.app-extension"; }; "F074B5D4D4B72F6C3B621CD7" = { "isa" = "PBXContainerItemProxy"; "containerPortal" = "98F54143AB4E86B28C3AFEE0"; "proxyType" = "1"; "remoteGlobalIDString" = "0801A15776DF07F494D9053F"; "remoteInfo" = "Checklist Complication"; }; "16883B4D41B223F124B63CE6" = { "isa" = "PBXTargetDependency"; "target" = "0801A15776DF07F494D9053F"; "targetProxy" = "F074B5D4D4B72F6C3B621CD7"; }; "55A98697AD35696A264B14E4" = { "isa" = "PBXBuildFile"; "fileRef" = "A98A4F4CD610020FCB836DB5"; "settings" = { "ATTRIBUTES" = ("RemoveHeadersOnCopy"); }; }; "125D1DB76C9DB381A5FF149F" = { "isa" = "PBXCopyFilesBuildPhase"; "buildActionMask" = "2147483647"; "dstPath" = ""; "dstSubfolderSpec" = "13"; "files" = ("55A98697AD35696A264B14E4"); "name" = "Embed Complication"; "runOnlyForDeploymentPostprocessing" = "0"; }; "FD4FBDAD238FAAF9016BBCFF" = { "isa" = "PBXFileReference"; "lastKnownFileType" = "sourcecode.swift"; "path" = "Tests/UI/WorkflowTests.swift"; "sourceTree" = "<group>"; }; "C6F1E143F57B67CBEE0D277B" = { "isa" = "PBXBuildFile"; "fileRef" = "FD4FBDAD238FAAF9016BBCFF"; }; "B87FA754A6931A4250E46F74" = { "isa" = "PBXSourcesBuildPhase"; "buildActionMask" = "2147483647"; "files" = ("C6F1E143F57B67CBEE0D277B"); "runOnlyForDeploymentPostprocessing" = "0"; }; "DD7334A32FE2DC3494C18FEF" = { "isa" = "PBXFrameworksBuildPhase"; "buildActionMask" = "2147483647"; "files" = (); "runOnlyForDeploymentPostprocessing" = "0"; }; "4F7AD11A89718759461E3024" = { "isa" = "PBXFileReference"; "explicitFileType" = "wrapper.cfbundle"; "path" = "PhoneWorkflowTests.xctest"; "sourceTree" = "BUILT_PRODUCTS_DIR"; }; "6AEE77D6A6834524892E8EAE" = { "isa" = "PBXContainerItemProxy"; "containerPortal" = "98F54143AB4E86B28C3AFEE0"; "proxyType" = "1"; "remoteGlobalIDString" = "4DFEA1852CD8A8AF5A48BC98"; "remoteInfo" = "Wrist Checklist"; }; "74B63CAC0D05028B9CD72892" = { "isa" = "PBXTargetDependency"; "target" = "4DFEA1852CD8A8AF5A48BC98"; "targetProxy" = "6AEE77D6A6834524892E8EAE"; }; "38D3602B23E5C9EBC48C500E" = { "isa" = "XCBuildConfiguration"; "buildSettings" = { "PRODUCT_NAME" = "PhoneWorkflowTests"; "PRODUCT_BUNDLE_IDENTIFIER" = "com.dd.wristchecklist.phoneworkflowtests"; "GENERATE_INFOPLIST_FILE" = "YES"; "SDKROOT" = "iphoneos"; "SUPPORTED_PLATFORMS" = "iphoneos iphonesimulator"; "TARGETED_DEVICE_FAMILY" = "1"; "TEST_TARGET_NAME" = "Wrist Checklist"; "CODE_SIGN_STYLE" = "Automatic"; "IPHONEOS_DEPLOYMENT_TARGET" = "27.0"; }; "name" = "Debug"; }; "10097A7AEE4FFDCCE0B8C284" = { "isa" = "XCBuildConfiguration"; "buildSettings" = { "PRODUCT_NAME" = "PhoneWorkflowTests"; "PRODUCT_BUNDLE_IDENTIFIER" = "com.dd.wristchecklist.phoneworkflowtests"; "GENERATE_INFOPLIST_FILE" = "YES"; "SDKROOT" = "iphoneos"; "SUPPORTED_PLATFORMS" = "iphoneos iphonesimulator"; "TARGETED_DEVICE_FAMILY" = "1"; "TEST_TARGET_NAME" = "Wrist Checklist"; "CODE_SIGN_STYLE" = "Automatic"; "IPHONEOS_DEPLOYMENT_TARGET" = "27.0"; }; "name" = "Release"; }; "F172A1FA0D7CCDB0FFE44D8E" = { "isa" = "XCConfigurationList"; "buildConfigurations" = ("38D3602B23E5C9EBC48C500E", "10097A7AEE4FFDCCE0B8C284"); "defaultConfigurationIsVisible" = "0"; "defaultConfigurationName" = "Release"; }; "5AB86F42D5E1D299375D6952" = { "isa" = "PBXNativeTarget"; "buildConfigurationList" = "F172A1FA0D7CCDB0FFE44D8E"; "buildPhases" = ("B87FA754A6931A4250E46F74", "DD7334A32FE2DC3494C18FEF"); "buildRules" = (); "dependencies" = ("74B63CAC0D05028B9CD72892"); "name" = "PhoneWorkflowTests"; "productName" = "PhoneWorkflowTests"; "productReference" = "4F7AD11A89718759461E3024"; "productType" = "com.apple.product-type.bundle.ui-testing"; }; "B9352E480B25D44B79454D8A" = { "isa" = "PBXBuildFile"; "fileRef" = "FD4FBDAD238FAAF9016BBCFF"; }; "719B2F73AED8989AFF20B3EF" = { "isa" = "PBXSourcesBuildPhase"; "buildActionMask" = "2147483647"; "files" = ("B9352E480B25D44B79454D8A"); "runOnlyForDeploymentPostprocessing" = "0"; }; "72AE0F8CCBEF19096DF5E868" = { "isa" = "PBXFrameworksBuildPhase"; "buildActionMask" = "2147483647"; "files" = (); "runOnlyForDeploymentPostprocessing" = "0"; }; "E743B3F5538E5B2F2575F2BE" = { "isa" = "PBXFileReference"; "explicitFileType" = "wrapper.cfbundle"; "path" = "WatchWorkflowTests.xctest"; "sourceTree" = "BUILT_PRODUCTS_DIR"; }; "D0380D6B32F1AA31A29CA547" = { "isa" = "PBXContainerItemProxy"; "containerPortal" = "98F54143AB4E86B28C3AFEE0"; "proxyType" = "1"; "remoteGlobalIDString" = "7EE489ED9BBE45A5497EA38C"; "remoteInfo" = "Wrist Checklist Watch"; }; "97A77D445FEBA382F445527F" = { "isa" = "PBXTargetDependency"; "target" = "7EE489ED9BBE45A5497EA38C"; "targetProxy" = "D0380D6B32F1AA31A29CA547"; }; "DA8F993EBC64E4A441452697" = { "isa" = "XCBuildConfiguration"; "buildSettings" = { "PRODUCT_NAME" = "WatchWorkflowTests"; "PRODUCT_BUNDLE_IDENTIFIER" = "com.dd.wristchecklist.watchworkflowtests"; "GENERATE_INFOPLIST_FILE" = "YES"; "SDKROOT" = "watchos"; "SUPPORTED_PLATFORMS" = "watchos watchsimulator"; "TARGETED_DEVICE_FAMILY" = "4"; "TEST_TARGET_NAME" = "Wrist Checklist Watch"; "CODE_SIGN_STYLE" = "Automatic"; "WATCHOS_DEPLOYMENT_TARGET" = "27.0"; }; "name" = "Debug"; }; "25F20B887ABAE4E65B6DDAF1" = { "isa" = "XCBuildConfiguration"; "buildSettings" = { "PRODUCT_NAME" = "WatchWorkflowTests"; "PRODUCT_BUNDLE_IDENTIFIER" = "com.dd.wristchecklist.watchworkflowtests"; "GENERATE_INFOPLIST_FILE" = "YES"; "SDKROOT" = "watchos"; "SUPPORTED_PLATFORMS" = "watchos watchsimulator"; "TARGETED_DEVICE_FAMILY" = "4"; "TEST_TARGET_NAME" = "Wrist Checklist Watch"; "CODE_SIGN_STYLE" = "Automatic"; "WATCHOS_DEPLOYMENT_TARGET" = "27.0"; }; "name" = "Release"; }; "66716A4950E8812ADA936CFA" = { "isa" = "XCConfigurationList"; "buildConfigurations" = ("DA8F993EBC64E4A441452697", "25F20B887ABAE4E65B6DDAF1"); "defaultConfigurationIsVisible" = "0"; "defaultConfigurationName" = "Release"; }; "E695C858E5489A1A44ABADD8" = { "isa" = "PBXNativeTarget"; "buildConfigurationList" = "66716A4950E8812ADA936CFA"; "buildPhases" = ("719B2F73AED8989AFF20B3EF", "72AE0F8CCBEF19096DF5E868"); "buildRules" = (); "dependencies" = ("97A77D445FEBA382F445527F"); "name" = "WatchWorkflowTests"; "productName" = "WatchWorkflowTests"; "productReference" = "E743B3F5538E5B2F2575F2BE"; "productType" = "com.apple.product-type.bundle.ui-testing"; }; "FBDC4F23F93125BBEEAE800C" = { "isa" = "PBXGroup"; "children" = ("99D71BBB4DC25875BEB4C624", "4CFAE327CB9EA79907C858A8", "A98A4F4CD610020FCB836DB5", "4F7AD11A89718759461E3024", "E743B3F5538E5B2F2575F2BE"); "name" = "Products"; "sourceTree" = "<group>"; }; "DC76E9F0C0006E8F919E0C51" = { "isa" = "PBXGroup"; "children" = ("DF1187DEB835FF9A6794B9DD", "1B1268AAB7B7A927B16723E4", "AA255DD3E90B146F24ACDE16", "0BB2FC79801B2192031EC1CF", "92E2D382C371DF44B61EFDB6", "181C36CA8CABCB105849D7D4", "917E867613F6CD3944B2FB88", "9DBD9B5C3C44E75E9CF08FF2", "FD4FBDAD238FAAF9016BBCFF", "FBDC4F23F93125BBEEAE800C"); "sourceTree" = "<group>"; }; "89E1FD6268CC0F221A2BE178" = { "isa" = "XCBuildConfiguration"; "buildSettings" = { "SWIFT_VERSION" = "6.0"; "SWIFT_STRICT_CONCURRENCY" = "complete"; "CLANG_ENABLE_MODULES" = "YES"; "CLANG_ENABLE_OBJC_ARC" = "YES"; "SWIFT_OPTIMIZATION_LEVEL" = "-Onone"; "SWIFT_ACTIVE_COMPILATION_CONDITIONS" = "DEBUG"; "ENABLE_TESTABILITY" = "YES"; "DEBUG_INFORMATION_FORMAT" = "dwarf"; }; "name" = "Debug"; }; "E6DE6C99132752C914FEF632" = { "isa" = "XCBuildConfiguration"; "buildSettings" = { "SWIFT_VERSION" = "6.0"; "SWIFT_STRICT_CONCURRENCY" = "complete"; "CLANG_ENABLE_MODULES" = "YES"; "CLANG_ENABLE_OBJC_ARC" = "YES"; "SWIFT_OPTIMIZATION_LEVEL" = "-O"; "SWIFT_ACTIVE_COMPILATION_CONDITIONS" = ""; "ENABLE_TESTABILITY" = "NO"; "DEBUG_INFORMATION_FORMAT" = "dwarf-with-dsym"; }; "name" = "Release"; }; "862894B703A6DEDF96A9DD6C" = { "isa" = "XCConfigurationList"; "buildConfigurations" = ("89E1FD6268CC0F221A2BE178", "E6DE6C99132752C914FEF632"); "defaultConfigurationIsVisible" = "0"; "defaultConfigurationName" = "Release"; }; "98F54143AB4E86B28C3AFEE0" = { "isa" = "PBXProject"; "attributes" = { "LastUpgradeCheck" = "2700"; }; "buildConfigurationList" = "862894B703A6DEDF96A9DD6C"; "compatibilityVersion" = "Xcode 14.0"; "developmentRegion" = "en"; "knownRegions" = ("en", "Base"); "mainGroup" = "DC76E9F0C0006E8F919E0C51"; "productRefGroup" = "FBDC4F23F93125BBEEAE800C"; "projectDirPath" = ""; "projectRoot" = ""; "targets" = ("7EE489ED9BBE45A5497EA38C", "4DFEA1852CD8A8AF5A48BC98", "0801A15776DF07F494D9053F", "5AB86F42D5E1D299375D6952", "E695C858E5489A1A44ABADD8"); }; }; "rootObject" = "98F54143AB4E86B28C3AFEE0"; }